// !$*UTF8*$!
{
	archiveVersion = 1;
	classes = {
	};
	objectVersion = 46;
	objects = {

/* Begin PBXBuildFile section */
		140E85CC154611F80042F085 /* ProfileController.m in Sources */ = {isa = PBXBuildFile; fileRef = 140E85CA154611F80042F085 /* ProfileController.m */; };
		140E85CD154611F80042F085 /* ProfileController.xib in Resources */ = {isa = PBXBuildFile; fileRef = 140E85CB154611F80042F085 /* ProfileController.xib */; };
		140E85D215461B430042F085 /* ConnectionViewController.m in Sources */ = {isa = PBXBuildFile; fileRef = 140E85D015461B430042F085 /* ConnectionViewController.m */; };
		140E85D315461B430042F085 /* ConnectionViewController.xib in Resources */ = {isa = PBXBuildFile; fileRef = 140E85D115461B430042F085 /* ConnectionViewController.xib */; };
		145FC0E8154AFE84005495D6 /* MobileCoreServices.framework in Frameworks */ = {isa = PBXBuildFile; fileRef = 145FC0E7154AFE84005495D6 /* MobileCoreServices.framework */; };
		145FC0EB154AFE9A005495D6 /* SystemConfiguration.framework in Frameworks */ = {isa = PBXBuildFile; fileRef = 145FC0EA154AFE9A005495D6 /* SystemConfiguration.framework */; };
		145FC0ED154AFEA5005495D6 /* CFNetwork.framework in Frameworks */ = {isa = PBXBuildFile; fileRef = 145FC0EC154AFEA5005495D6 /* CFNetwork.framework */; };
		145FC0EF154AFEB9005495D6 /* libz.1.2.5.dylib in Frameworks */ = {isa = PBXBuildFile; fileRef = 145FC0EE154AFEB9005495D6 /* libz.1.2.5.dylib */; };
		14FA29D9152DCF6200E201E6 /* UIKit.framework in Frameworks */ = {isa = PBXBuildFile; fileRef = 14FA29D8152DCF6200E201E6 /* UIKit.framework */; };
		14FA29DB152DCF6200E201E6 /* Foundation.framework in Frameworks */ = {isa = PBXBuildFile; fileRef = 14FA29DA152DCF6200E201E6 /* Foundation.framework */; };
		14FA29DD152DCF6200E201E6 /* CoreGraphics.framework in Frameworks */ = {isa = PBXBuildFile; fileRef = 14FA29DC152DCF6200E201E6 /* CoreGraphics.framework */; };
		14FA29E3152DCF6200E201E6 /* InfoPlist.strings in Resources */ = {isa = PBXBuildFile; fileRef = 14FA29E1152DCF6200E201E6 /* InfoPlist.strings */; };
		14FA29E5152DCF6200E201E6 /* main.m in Sources */ = {isa = PBXBuildFile; fileRef = 14FA29E4152DCF6200E201E6 /* main.m */; };
		14FA29E9152DCF6200E201E6 /* AppDelegate.m in Sources */ = {isa = PBXBuildFile; fileRef = 14FA29E8152DCF6200E201E6 /* AppDelegate.m */; };
		14FA29EC152DCF6200E201E6 /* ViewController.m in Sources */ = {isa = PBXBuildFile; fileRef = 14FA29EB152DCF6200E201E6 /* ViewController.m */; };
		14FA29EF152DCF6200E201E6 /* ViewController.xib in Resources */ = {isa = PBXBuildFile; fileRef = 14FA29ED152DCF6200E201E6 /* ViewController.xib */; };
/* End PBXBuildFile section */

/* Begin PBXFileReference section */
		140E85C9154611F80042F085 /* ProfileController.h */ = {isa = PBXFileReference; fileEncoding = 4; lastKnownFileType = sourcecode.c.h; path = ProfileController.h; sourceTree = "<group>"; };
		140E85CA154611F80042F085 /* ProfileController.m */ = {isa = PBXFileReference; fileEncoding = 4; lastKnownFileType = sourcecode.c.objc; path = ProfileController.m; sourceTree = "<group>"; };
		140E85CB154611F80042F085 /* ProfileController.xib */ = {isa = PBXFileReference; fileEncoding = 4; lastKnownFileType = file.xib; path = ProfileController.xib; sourceTree = "<group>"; };
		140E85CF15461B430042F085 /* ConnectionViewController.h */ = {isa = PBXFileReference; fileEncoding = 4; lastKnownFileType = sourcecode.c.h; path = ConnectionViewController.h; sourceTree = "<group>"; };
		140E85D015461B430042F085 /* ConnectionViewController.m */ = {isa = PBXFileReference; fileEncoding = 4; lastKnownFileType = sourcecode.c.objc; path = ConnectionViewController.m; sourceTree = "<group>"; };
		140E85D115461B430042F085 /* ConnectionViewController.xib */ = {isa = PBXFileReference; fileEncoding = 4; lastKnownFileType = file.xib; path = ConnectionViewController.xib; sourceTree = "<group>"; };
		145FC0E7154AFE84005495D6 /* MobileCoreServices.framework */ = {isa = PBXFileReference; lastKnownFileType = wrapper.framework; name = MobileCoreServices.framework; path = System/Library/Frameworks/MobileCoreServices.framework; sourceTree = SDKROOT; };
		145FC0EA154AFE9A005495D6 /* SystemConfiguration.framework */ = {isa = PBXFileReference; lastKnownFileType = wrapper.framework; name = SystemConfiguration.framework; path = System/Library/Frameworks/SystemConfiguration.framework; sourceTree = SDKROOT; };
		145FC0EC154AFEA5005495D6 /* CFNetwork.framework */ = {isa = PBXFileReference; lastKnownFileType = wrapper.framework; name = CFNetwork.framework; path = System/Library/Frameworks/CFNetwork.framework; sourceTree = SDKROOT; };
		145FC0EE154AFEB9005495D6 /* libz.1.2.5.dylib */ = {isa = PBXFileReference; lastKnownFileType = "compiled.mach-o.dylib"; name = libz.1.2.5.dylib; path = usr/lib/libz.1.2.5.dylib; sourceTree = SDKROOT; };
		14FA29D4152DCF6200E201E6 /* MapLine.app */ = {isa = PBXFileReference; explicitFileType = wrapper.application; includeInIndex = 0; path = MapLine.app; sourceTree = BUILT_PRODUCTS_DIR; };
		14FA29D8152DCF6200E201E6 /* UIKit.framework */ = {isa = PBXFileReference; lastKnownFileType = wrapper.framework; name = UIKit.framework; path = System/Library/Frameworks/UIKit.framework; sourceTree = SDKROOT; };
		14FA29DA152DCF6200E201E6 /* Foundation.framework */ = {isa = PBXFileReference; lastKnownFileType = wrapper.framework; name = Foundation.framework; path = System/Library/Frameworks/Foundation.framework; sourceTree = SDKROOT; };
		14FA29DC152DCF6200E201E6 /* CoreGraphics.framework */ = {isa = PBXFileReference; lastKnownFileType = wrapper.framework; name = CoreGraphics.framework; path = System/Library/Frameworks/CoreGraphics.framework; sourceTree = SDKROOT; };
		14FA29E0152DCF6200E201E6 /* MapLine-Info.plist */ = {isa = PBXFileReference; lastKnownFileType = text.plist.xml; path = "MapLine-Info.plist"; sourceTree = "<group>"; };
		14FA29E2152DCF6200E201E6 /* en */ = {isa = PBXFileReference; lastKnownFileType = text.plist.strings; name = en; path = en.lproj/InfoPlist.strings; sourceTree = "<group>"; };
		14FA29E4152DCF6200E201E6 /* main.m */ = {isa = PBXFileReference; lastKnownFileType = sourcecode.c.objc; path = main.m; sourceTree = "<group>"; };
		14FA29E6152DCF6200E201E6 /* MapLine-Prefix.pch */ = {isa = PBXFileReference; lastKnownFileType = sourcecode.c.h; path = "MapLine-Prefix.pch"; sourceTree = "<group>"; };
		14FA29E7152DCF6200E201E6 /* AppDelegate.h */ = {isa = PBXFileReference; lastKnownFileType = sourcecode.c.h; path = AppDelegate.h; sourceTree = "<group>"; };
		14FA29E8152DCF6200E201E6 /* AppDelegate.m */ = {isa = PBXFileReference; lastKnownFileType = sourcecode.c.objc; path = AppDelegate.m; sourceTree = "<group>"; };
		14FA29EA152DCF6200E201E6 /* ViewController.h */ = {isa = PBXFileReference; lastKnownFileType = sourcecode.c.h; path = ViewController.h; sourceTree = "<group>"; };
		14FA29EB152DCF6200E201E6 /* ViewController.m */ = {isa = PBXFileReference; lastKnownFileType = sourcecode.c.objc; path = ViewController.m; sourceTree = "<group>"; };
		14FA29EE152DCF6200E201E6 /* en */ = {isa = PBXFileReference; lastKnownFileType = file.xib; name = en; path = en.lproj/ViewController.xib; sourceTree = "<group>"; };
/* End PBXFileReference section */

/* Begin PBXFrameworksBuildPhase section */
		14FA29D1152DCF6200E201E6 /* Frameworks */ = {
			isa = PBXFrameworksBuildPhase;
			buildActionMask = 2147483647;
			files = (
				145FC0EF154AFEB9005495D6 /* libz.1.2.5.dylib in Frameworks */,
				145FC0ED154AFEA5005495D6 /* CFNetwork.framework in Frameworks */,
				145FC0EB154AFE9A005495D6 /* SystemConfiguration.framework in Frameworks */,
				145FC0E8154AFE84005495D6 /* MobileCoreServices.framework in Frameworks */,
				14FA29D9152DCF6200E201E6 /* UIKit.framework in Frameworks */,
				14FA29DB152DCF6200E201E6 /* Foundation.framework in Frameworks */,
				14FA29DD152DCF6200E201E6 /* CoreGraphics.framework in Frameworks */,
			);
			runOnlyForDeploymentPostprocessing = 0;
		};
/* End PBXFrameworksBuildPhase section */

/* Begin PBXGroup section */
		14FA29C9152DCF6200E201E6 = {
			isa = PBXGroup;
			children = (
				14FA29DE152DCF6200E201E6 /* MapLine */,
				14FA29D7152DCF6200E201E6 /* Frameworks */,
				14FA29D5152DCF6200E201E6 /* Products */,
			);
			sourceTree = "<group>";
		};
		14FA29D5152DCF6200E201E6 /* Products */ = {
			isa = PBXGroup;
			children = (
				14FA29D4152DCF6200E201E6 /* MapLine.app */,
			);
			name = Products;
			sourceTree = "<group>";
		};
		14FA29D7152DCF6200E201E6 /* Frameworks */ = {
			isa = PBXGroup;
			children = (
				145FC0EE154AFEB9005495D6 /* libz.1.2.5.dylib */,
				145FC0EC154AFEA5005495D6 /* CFNetwork.framework */,
				145FC0EA154AFE9A005495D6 /* SystemConfiguration.framework */,
				145FC0E7154AFE84005495D6 /* MobileCoreServices.framework */,
				14FA29D8152DCF6200E201E6 /* UIKit.framework */,
				14FA29DA152DCF6200E201E6 /* Foundation.framework */,
				14FA29DC152DCF6200E201E6 /* CoreGraphics.framework */,
			);
			name = Frameworks;
			sourceTree = "<group>";
		};
		14FA29DE152DCF6200E201E6 /* MapLine */ = {
			isa = PBXGroup;
			children = (
				14FA29E7152DCF6200E201E6 /* AppDelegate.h */,
				14FA29E8152DCF6200E201E6 /* AppDelegate.m */,
				14FA29EA152DCF6200E201E6 /* ViewController.h */,
				14FA29EB152DCF6200E201E6 /* ViewController.m */,
				14FA29ED152DCF6200E201E6 /* ViewController.xib */,
				14FA29DF152DCF6200E201E6 /* Supporting Files */,
				140E85C9154611F80042F085 /* ProfileController.h */,
				140E85CA154611F80042F085 /* ProfileController.m */,
				140E85CB154611F80042F085 /* ProfileController.xib */,
				140E85CF15461B430042F085 /* ConnectionViewController.h */,
				140E85D015461B430042F085 /* ConnectionViewController.m */,
				140E85D115461B430042F085 /* ConnectionViewController.xib */,
			);
			path = MapLine;
			sourceTree = "<group>";
		};
		14FA29DF152DCF6200E201E6 /* Supporting Files */ = {
			isa = PBXGroup;
			children = (
				14FA29E0152DCF6200E201E6 /* MapLine-Info.plist */,
				14FA29E1152DCF6200E201E6 /* InfoPlist.strings */,
				14FA29E4152DCF6200E201E6 /* main.m */,
				14FA29E6152DCF6200E201E6 /* MapLine-Prefix.pch */,
			);
			name = "Supporting Files";
			sourceTree = "<group>";
		};
/* End PBXGroup section */

/* Begin PBXNativeTarget section */
		14FA29D3152DCF6200E201E6 /* MapLine */ = {
			isa = PBXNativeTarget;
			buildConfigurationList = 14FA29F2152DCF6200E201E6 /* Build configuration list for PBXNativeTarget "MapLine" */;
			buildPhases = (
				14FA29D0152DCF6200E201E6 /* Sources */,
				14FA29D1152DCF6200E201E6 /* Frameworks */,
				14FA29D2152DCF6200E201E6 /* Resources */,
			);
			buildRules = (
			);
			dependencies = (
			);
			name = MapLine;
			productName = MapLine;
			productReference = 14FA29D4152DCF6200E201E6 /* MapLine.app */;
			productType = "com.apple.product-type.application";
		};
/* End PBXNativeTarget section */

/* Begin PBXProject section */
		14FA29CB152DCF6200E201E6 /* Project object */ = {
			isa = PBXProject;
			attributes = {
				LastUpgradeCheck = 0420;
			};
			buildConfigurationList = 14FA29CE152DCF6200E201E6 /* Build configuration list for PBXProject "MapLine" */;
			compatibilityVersion = "Xcode 3.2";
			developmentRegion = English;
			hasScannedForEncodings = 0;
			knownRegions = (
				en,
			);
			mainGroup = 14FA29C9152DCF6200E201E6;
			productRefGroup = 14FA29D5152DCF6200E201E6 /* Products */;
			projectDirPath = "";
			projectRoot = "";
			targets = (
				14FA29D3152DCF6200E201E6 /* MapLine */,
			);
		};
/* End PBXProject section */

/* Begin PBXResourcesBuildPhase section */
		14FA29D2152DCF6200E201E6 /* Resources */ = {
			isa = PBXResourcesBuildPhase;
			buildActionMask = 2147483647;
			files = (
				14FA29E3152DCF6200E201E6 /* InfoPlist.strings in Resources */,
				14FA29EF152DCF6200E201E6 /* ViewController.xib in Resources */,
				140E85CD154611F80042F085 /* ProfileController.xib in Resources */,
				140E85D315461B430042F085 /* ConnectionViewController.xib in Resources */,
			);
			runOnlyForDeploymentPostprocessing = 0;
		};
/* End PBXResourcesBuildPhase section */

/* Begin PBXSourcesBuildPhase section */
		14FA29D0152DCF6200E201E6 /* Sources */ = {
			isa = PBXSourcesBuildPhase;
			buildActionMask = 2147483647;
			files = (
				14FA29E5152DCF6200E201E6 /* main.m in Sources */,
				14FA29E9152DCF6200E201E6 /* AppDelegate.m in Sources */,
				14FA29EC152DCF6200E201E6 /* ViewController.m in Sources */,
				140E85CC154611F80042F085 /* ProfileController.m in Sources */,
				140E85D215461B430042F085 /* ConnectionViewController.m in Sources */,
			);
			runOnlyForDeploymentPostprocessing = 0;
		};
/* End PBXSourcesBuildPhase section */

/* Begin PBXVariantGroup section */
		14FA29E1152DCF6200E201E6 /* InfoPlist.strings */ = {
			isa = PBXVariantGroup;
			children = (
				14FA29E2152DCF6200E201E6 /* en */,
			);
			name = InfoPlist.strings;
			sourceTree = "<group>";
		};
		14FA29ED152DCF6200E201E6 /* ViewController.xib */ = {
			isa = PBXVariantGroup;
			children = (
				14FA29EE152DCF6200E201E6 /* en */,
			);
			name = ViewController.xib;
			sourceTree = "<group>";
		};
/* End PBXVariantGroup section */

/* Begin XCBuildConfiguration section */
		14FA29F0152DCF6200E201E6 /* Debug */ = {
			isa = XCBuildConfiguration;
			buildSettings = {
				ALWAYS_SEARCH_USER_PATHS = NO;
				ARCHS = "$(ARCHS_STANDARD_32_BIT)";
				"CODE_SIGN_IDENTITY[sdk=iphoneos*]" = "iPhone Developer";
				COPY_PHASE_STRIP = NO;
				GCC_C_LANGUAGE_STANDARD = gnu99;
				GCC_DYNAMIC_NO_PIC = NO;
				GCC_OPTIMIZATION_LEVEL = 0;
				GCC_PREPROCESSOR_DEFINITIONS = (
					"DEBUG=1",
					"$(inherited)",
				);
				GCC_SYMBOLS_PRIVATE_EXTERN = NO;
				GCC_VERSION = com.apple.compilers.llvm.clang.1_0;
				GCC_WARN_ABOUT_MISSING_PROTOTYPES = YES;
				GCC_WARN_ABOUT_RETURN_TYPE = YES;
				GCC_WARN_UNUSED_VARIABLE = YES;
				IPHONEOS_DEPLOYMENT_TARGET = 5.0;
				SDKROOT = iphoneos;
			};
			name = Debug;
		};
		14FA29F1152DCF6200E201E6 /* Release */ = {
			isa = XCBuildConfiguration;
			buildSettings = {
				ALWAYS_SEARCH_USER_PATHS = NO;
				ARCHS = "$(ARCHS_STANDARD_32_BIT)";
				"CODE_SIGN_IDENTITY[sdk=iphoneos*]" = "iPhone Developer";
				COPY_PHASE_STRIP = YES;
				GCC_C_LANGUAGE_STANDARD = gnu99;
				GCC_VERSION = com.apple.compilers.llvm.clang.1_0;
				GCC_WARN_ABOUT_MISSING_PROTOTYPES = YES;
				GCC_WARN_ABOUT_RETURN_TYPE = YES;
				GCC_WARN_UNUSED_VARIABLE = YES;
				IPHONEOS_DEPLOYMENT_TARGET = 5.0;
				OTHER_CFLAGS = "-DNS_BLOCK_ASSERTIONS=1";
				SDKROOT = iphoneos;
				VALIDATE_PRODUCT = YES;
			};
			name = Release;
		};
		14FA29F3152DCF6200E201E6 /* Debug */ = {
			isa = XCBuildConfiguration;
			buildSettings = {
				GCC_PRECOMPILE_PREFIX_HEADER = YES;
				GCC_PREFIX_HEADER = "MapLine/MapLine-Prefix.pch";
				INFOPLIST_FILE = "MapLine/MapLine-Info.plist";
				PRODUCT_NAME = "$(TARGET_NAME)";
				WRAPPER_EXTENSION = app;
			};
			name = Debug;
		};
		14FA29F4152DCF6200E201E6 /* Release */ = {
			isa = XCBuildConfiguration;
			buildSettings = {
				GCC_PRECOMPILE_PREFIX_HEADER = YES;
				GCC_PREFIX_HEADER = "MapLine/MapLine-Prefix.pch";
				INFOPLIST_FILE = "MapLine/MapLine-Info.plist";
				PRODUCT_NAME = "$(TARGET_NAME)";
				WRAPPER_EXTENSION = app;
			};
			name = Release;
		};
/* End XCBuildConfiguration section */

/* Begin XCConfigurationList section */
		14FA29CE152DCF6200E201E6 /* Build configuration list for PBXProject "MapLine" */ = {
			isa = XCConfigurationList;
			buildConfigurations = (
				14FA29F0152DCF6200E201E6 /* Debug */,
				14FA29F1152DCF6200E201E6 /* Release */,
			);
			defaultConfigurationIsVisible = 0;
			defaultConfigurationName = Release;
		};
		14FA29F2152DCF6200E201E6 /* Build configuration list for PBXNativeTarget "MapLine" */ = {
			isa = XCConfigurationList;
			buildConfigurations = (
				14FA29F3152DCF6200E201E6 /* Debug */,
				14FA29F4152DCF6200E201E6 /* Release */,
			);
			defaultConfigurationIsVisible = 0;
			defaultConfigurationName = Release;
		};
/* End XCConfigurationList section */
	};
	rootObject = 14FA29CB152DCF6200E201E6 /* Project object */;
}
